lockfileVersion: '9.0'

settings:
  autoInstallPeers: true
  excludeLinksFromLockfile: false

importers:

  .:
    dependencies:
      arg:
        specifier: ^5.0.2
        version: 5.0.2
      chalk:
        specifier: ^5.6.2
        version: 5.6.2
      chalk-template:
        specifier: ^1.1.2
        version: 1.1.2
      source-map-support:
        specifier: ^0.5.21
        version: 0.5.21
    devDependencies:
      '@types/node':
        specifier: ^24.3.1
        version: 24.3.1
      '@vercel/ncc':
        specifier: ^0.38.3
        version: 0.38.3
      pnpm:
        specifier: ^10.15.1
        version: 10.15.1
      typescript:
        specifier: ^5.9.2
        version: 5.9.2

packages:

  '@types/node@24.3.1':
    resolution: {integrity: sha512-3vXmQDXy+woz+gnrTvuvNrPzekOi+Ds0ReMxw0LzBiK3a+1k0kQn9f2NWk+lgD4rJehFUmYy2gMhJ2ZI+7YP9g==}

  '@vercel/ncc@0.38.3':
    resolution: {integrity: sha512-rnK6hJBS6mwc+Bkab+PGPs9OiS0i/3kdTO+CkI8V0/VrW3vmz7O2Pxjw/owOlmo6PKEIxRSeZKv/kuL9itnpYA==}
    hasBin: true

  arg@5.0.2:
    resolution: {integrity: sha512-PYjyFOLKQ9y57JvQ6QLo8dAgNqswh8M1RMJYdQduT6xbWSgK36P/Z/v+p888pM69jMMfS8Xd8F6I1kQ/I9HUGg==}

  buffer-from@1.1.2:
    resolution: {integrity: sha512-E+XQCRwSbaaiChtv6k6Dwgc+bx+Bs6vuKJHHl5kox/BaKbhiXzqQOwK4cO22yElGp2OCmjwVhT3HmxgyPGnJfQ==}

  chalk-template@1.1.2:
    resolution: {integrity: sha512-2bxTP2yUH7AJj/VAXfcA+4IcWGdQ87HwBANLt5XxGTeomo8yG0y95N1um9i5StvhT/Bl0/2cARA5v1PpPXUxUA==}
    engines: {node: '>=14.16'}

  chalk@5.6.2:
    resolution: {integrity: sha512-7NzBL0rN6fMUW+f7A6Io4h40qQlG+xGmtMxfbnH/K7TAtt8JQWVQK+6g0UXKMeVJoyV5EkkNsErQ8pVD3bLHbA==}
    engines: {node: ^12.17.0 || ^14.13 || >=16.0.0}

  pnpm@10.15.1:
    resolution: {integrity: sha512-NOU4wym1VTAUyo6PRTWZf5YYCh0PYUM5NXRJk1NQ2STiL4YUaCGRJk7DPRRirCFWGv+X9rsYBlNRwWLH6PbeZw==}
    engines: {node: '>=18.12'}
    hasBin: true

  source-map-support@0.5.21:
    resolution: {integrity: sha512-uBHU3L3czsIyYXKX88fdrGovxdSCoTGDRZ6SYXtSRxLZUzHg5P/66Ht6uoUlHu9EZod+inXhKo3qQgwXUT/y1w==}

  source-map@0.6.1:
    resolution: {integrity: sha512-UjgapumWlbMhkBgzT7Ykc5YXUT46F0iKu8SGXq0bcwP5dz/h0Plj6enJqjz1Zbq2l5WaqYnrVbwWOWMyF3F47g==}
    engines: {node: '>=0.10.0'}

  typescript@5.9.2:
    resolution: {integrity: sha512-CWBzXQrc/qOkhidw1OzBTQuYRbfyxDXJMVJ1XNwUHGROVmuaeiEm3OslpZ1RV96d7SKKjZKrSJu3+t/xlw3R9A==}
    engines: {node: '>=14.17'}
    hasBin: true

  undici-types@7.10.0:
    resolution: {integrity: sha512-t5Fy/nfn+14LuOc2KNYg75vZqClpAiqscVvMygNnlsHBFpSXdJaYtXMcdNLpl/Qvc3P2cB3s6lOV51nqsFq4ag==}

snapshots:

  '@types/node@24.3.1':
    dependencies:
      undici-types: 7.10.0

  '@vercel/ncc@0.38.3': {}

  arg@5.0.2: {}

  buffer-from@1.1.2: {}

  chalk-template@1.1.2:
    dependencies:
      chalk: 5.6.2

  chalk@5.6.2: {}

  pnpm@10.15.1: {}

  source-map-support@0.5.21:
    dependencies:
      buffer-from: 1.1.2
      source-map: 0.6.1

  source-map@0.6.1: {}

  typescript@5.9.2: {}

  undici-types@7.10.0: {}
