lockfileVersion: '9.0'

settings:
  autoInstallPeers: true
  excludeLinksFromLockfile: false

overrides:
  chalk@<5.6.2: '>=5.6.2'
  chalk-template@<1.1.2: '>=1.1.2'

importers:

  .:
    dependencies:
      arg:
        specifier: ^5.0.2
        version: 5.0.2
      chalk:
        specifier: ^5.6.2
        version: 5.6.2
      chalk-template:
        specifier: ^1.1.2
        version: 1.1.2
      source-map-support:
        specifier: ^0.5.21
        version: 0.5.21
    devDependencies:
      '@types/node':
        specifier: ^24.8.1
        version: 24.8.1
      '@vercel/ncc':
        specifier: ^0.38.4
        version: 0.38.4
      pnpm:
        specifier: ^10.18.3
        version: 10.18.3
      typescript:
        specifier: ^5.9.3
        version: 5.9.3

packages:

  '@types/node@24.8.1':
    resolution: {integrity: sha512-alv65KGRadQVfVcG69MuB4IzdYVpRwMG/mq8KWOaoOdyY617P5ivaDiMCGOFDWD2sAn5Q0mR3mRtUOgm99hL9Q==}

  '@vercel/ncc@0.38.4':
    resolution: {integrity: sha512-8LwjnlP39s08C08J5NstzriPvW1SP8Zfpp1BvC2sI35kPeZnHfxVkCwu4/+Wodgnd60UtT1n8K8zw+Mp7J9JmQ==}
    hasBin: true

  arg@5.0.2:
    resolution: {integrity: sha512-PYjyFOLKQ9y57JvQ6QLo8dAgNqswh8M1RMJYdQduT6xbWSgK36P/Z/v+p888pM69jMMfS8Xd8F6I1kQ/I9HUGg==}

  buffer-from@1.1.2:
    resolution: {integrity: sha512-E+XQCRwSbaaiChtv6k6Dwgc+bx+Bs6vuKJHHl5kox/BaKbhiXzqQOwK4cO22yElGp2OCmjwVhT3HmxgyPGnJfQ==}

  chalk-template@1.1.2:
    resolution: {integrity: sha512-2bxTP2yUH7AJj/VAXfcA+4IcWGdQ87HwBANLt5XxGTeomo8yG0y95N1um9i5StvhT/Bl0/2cARA5v1PpPXUxUA==}
    engines: {node: '>=14.16'}

  chalk@5.6.2:
    resolution: {integrity: sha512-7NzBL0rN6fMUW+f7A6Io4h40qQlG+xGmtMxfbnH/K7TAtt8JQWVQK+6g0UXKMeVJoyV5EkkNsErQ8pVD3bLHbA==}
    engines: {node: ^12.17.0 || ^14.13 || >=16.0.0}

  pnpm@10.18.3:
    resolution: {integrity: sha512-u9FubXKG/X4B9rPAs8kyzaKWXAapCDKPdGY/EKmupR8RKe6mFRNL+ZKDGwCeq+Fn7LcAi1l/QP+bx1lGqt+wjQ==}
    engines: {node: '>=18.12'}
    hasBin: true

  source-map-support@0.5.21:
    resolution: {integrity: sha512-uBHU3L3czsIyYXKX88fdrGovxdSCoTGDRZ6SYXtSRxLZUzHg5P/66Ht6uoUlHu9EZod+inXhKo3qQgwXUT/y1w==}

  source-map@0.6.1:
    resolution: {integrity: sha512-UjgapumWlbMhkBgzT7Ykc5YXUT46F0iKu8SGXq0bcwP5dz/h0Plj6enJqjz1Zbq2l5WaqYnrVbwWOWMyF3F47g==}
    engines: {node: '>=0.10.0'}

  typescript@5.9.3:
    resolution: {integrity: sha512-jl1vZzPDinLr9eUt3J/t7V6FgNEw9QjvBPdysz9KfQDD41fQrC2Y4vKQdiaUpFT4bXlb1RHhLpp8wtm6M5TgSw==}
    engines: {node: '>=14.17'}
    hasBin: true

  undici-types@7.14.0:
    resolution: {integrity: sha512-QQiYxHuyZ9gQUIrmPo3IA+hUl4KYk8uSA7cHrcKd/l3p1OTpZcM0Tbp9x7FAtXdAYhlasd60ncPpgu6ihG6TOA==}

snapshots:

  '@types/node@24.8.1':
    dependencies:
      undici-types: 7.14.0

  '@vercel/ncc@0.38.4': {}

  arg@5.0.2: {}

  buffer-from@1.1.2: {}

  chalk-template@1.1.2:
    dependencies:
      chalk: 5.6.2

  chalk@5.6.2: {}

  pnpm@10.18.3: {}

  source-map-support@0.5.21:
    dependencies:
      buffer-from: 1.1.2
      source-map: 0.6.1

  source-map@0.6.1: {}

  typescript@5.9.3: {}

  undici-types@7.14.0: {}
